
Microsoft Visual Studio Solution File, Format Version 12.00
# Visual Studio Version 16
VisualStudioVersion = 16.0.31624.102
MinimumVisualStudioVersion = 10.0.40219.1
Project("{FAE04EC0-301F-11D3-BF4B-00C04F79EFBC}") = "ASP oef 4", "ASP oef 4\ASP oef 4.csproj", "{30CFF328-02F4-4D80-A9AE-880DE52935FA}"
EndProject
Global
	GlobalSection(SolutionConfigurationPlatforms) = preSolution
		Debug|Any CPU = Debug|Any CPU
		Release|Any CPU = Release|Any CPU
	EndGlobalSection
	GlobalSection(ProjectConfigurationPlatforms) = postSolution
		{30CFF328-02F4-4D80-A9AE-880DE52935FA}.Debug|Any CPU.ActiveCfg = Debug|Any CPU
		{30CFF328-02F4-4D80-A9AE-880DE52935FA}.Debug|Any CPU.Build.0 = Debug|Any CPU
		{30CFF328-02F4-4D80-A9AE-880DE52935FA}.Release|Any CPU.ActiveCfg = Release|Any CPU
		{30CFF328-02F4-4D80-A9AE-880DE52935FA}.Release|Any CPU.Build.0 = Release|Any CPU
	EndGlobalSection
	GlobalSection(SolutionProperties) = preSolution
		HideSolutionNode = FALSE
	EndGlobalSection
	GlobalSection(ExtensibilityGlobals) = postSolution
		SolutionGuid = {6617D636-5D52-48C2-AC45-28A404B27CB0}
	EndGlobalSection
EndGlobal
